
Microsoft Visual Studio Solution File, Format Version 12.00
# Visual Studio 14
VisualStudioVersion = 14.0.25420.1
MinimumVisualStudioVersion = 10.0.40219.1
Project("{F184B08F-C81C-45F6-A57F-5ABD9991F28F}") = "WpfControls", "WpfControls\WpfControls.vbproj", "{D010F52C-140C-410D-B897-C1091B81AA13}"
EndProject
Project("{F184B08F-C81C-45F6-A57F-5ABD9991F28F}") = "WpfControls.Test", "WpfControls.Test\WpfControls.Test.vbproj", "{39F20FE4-26BC-455C-A3FE-9031820C9897}"
EndProject
Project("{FAE04EC0-301F-11D3-BF4B-00C04F79EFBC}") = "WpfControls.CS", "WpfControls.CS\WpfControls.CS.csproj", "{BB2ABB74-BA58-4812-83AA-EC8171F42DF4}"
EndProject
Project("{FAE04EC0-301F-11D3-BF4B-00C04F79EFBC}") = "WpfControls.CS.Test", "WpfControls.CS.Test\WpfControls.CS.Test.csproj", "{96E3D271-6627-4BAE-8DBC-5C7DF0C41DDD}"
EndProject
Project("{FAE04EC0-301F-11D3-BF4B-00C04F79EFBC}") = "TestTextBox", "TestTextBox\TestTextBox.csproj", "{FC79A378-B744-4343-ADE6-2A7BA47BD3D0}"
EndProject
Global
	GlobalSection(SolutionConfigurationPlatforms) = preSolution
		Debug|Any CPU = Debug|Any CPU
		Debug|Mixed Platforms = Debug|Mixed Platforms
		Debug|x86 = Debug|x86
		Release|Any CPU = Release|Any CPU
		Release|Mixed Platforms = Release|Mixed Platforms
		Release|x86 = Release|x86
	EndGlobalSection
	GlobalSection(ProjectConfigurationPlatforms) = postSolution
		{D010F52C-140C-410D-B897-C1091B81AA13}.Debug|Any CPU.ActiveCfg = Debug|Any CPU
		{D010F52C-140C-410D-B897-C1091B81AA13}.Debug|Any CPU.Build.0 = Debug|Any CPU
		{D010F52C-140C-410D-B897-C1091B81AA13}.Debug|Mixed Platforms.ActiveCfg = Debug|Any CPU
		{D010F52C-140C-410D-B897-C1091B81AA13}.Debug|Mixed Platforms.Build.0 = Debug|Any CPU
		{D010F52C-140C-410D-B897-C1091B81AA13}.Debug|x86.ActiveCfg = Debug|Any CPU
		{D010F52C-140C-410D-B897-C1091B81AA13}.Release|Any CPU.ActiveCfg = Release|Any CPU
		{D010F52C-140C-410D-B897-C1091B81AA13}.Release|Any CPU.Build.0 = Release|Any CPU
		{D010F52C-140C-410D-B897-C1091B81AA13}.Release|Mixed Platforms.ActiveCfg = Release|Any CPU
		{D010F52C-140C-410D-B897-C1091B81AA13}.Release|Mixed Platforms.Build.0 = Release|Any CPU
		{D010F52C-140C-410D-B897-C1091B81AA13}.Release|x86.ActiveCfg = Release|Any CPU
		{39F20FE4-26BC-455C-A3FE-9031820C9897}.Debug|Any CPU.ActiveCfg = Debug|Any CPU
		{39F20FE4-26BC-455C-A3FE-9031820C9897}.Debug|Any CPU.Build.0 = Debug|Any CPU
		{39F20FE4-26BC-455C-A3FE-9031820C9897}.Debug|Mixed Platforms.ActiveCfg = Debug|Any CPU
		{39F20FE4-26BC-455C-A3FE-9031820C9897}.Debug|Mixed Platforms.Build.0 = Debug|Any CPU
		{39F20FE4-26BC-455C-A3FE-9031820C9897}.Debug|x86.ActiveCfg = Debug|x86
		{39F20FE4-26BC-455C-A3FE-9031820C9897}.Debug|x86.Build.0 = Debug|x86
		{39F20FE4-26BC-455C-A3FE-9031820C9897}.Release|Any CPU.ActiveCfg = Release|x86
		{39F20FE4-26BC-455C-A3FE-9031820C9897}.Release|Mixed Platforms.ActiveCfg = Release|x86
		{39F20FE4-26BC-455C-A3FE-9031820C9897}.Release|Mixed Platforms.Build.0 = Release|x86
		{39F20FE4-26BC-455C-A3FE-9031820C9897}.Release|x86.ActiveCfg = Release|x86
		{39F20FE4-26BC-455C-A3FE-9031820C9897}.Release|x86.Build.0 = Release|x86
		{BB2ABB74-BA58-4812-83AA-EC8171F42DF4}.Debug|Any CPU.ActiveCfg = Debug|Any CPU
		{BB2ABB74-BA58-4812-83AA-EC8171F42DF4}.Debug|Any CPU.Build.0 = Debug|Any CPU
		{BB2ABB74-BA58-4812-83AA-EC8171F42DF4}.Debug|Mixed Platforms.ActiveCfg = Debug|Any CPU
		{BB2ABB74-BA58-4812-83AA-EC8171F42DF4}.Debug|Mixed Platforms.Build.0 = Debug|Any CPU
		{BB2ABB74-BA58-4812-83AA-EC8171F42DF4}.Debug|x86.ActiveCfg = Debug|Any CPU
		{BB2ABB74-BA58-4812-83AA-EC8171F42DF4}.Release|Any CPU.ActiveCfg = Release|Any CPU
		{BB2ABB74-BA58-4812-83AA-EC8171F42DF4}.Release|Any CPU.Build.0 = Release|Any CPU
		{BB2ABB74-BA58-4812-83AA-EC8171F42DF4}.Release|Mixed Platforms.ActiveCfg = Release|Any CPU
		{BB2ABB74-BA58-4812-83AA-EC8171F42DF4}.Release|Mixed Platforms.Build.0 = Release|Any CPU
		{BB2ABB74-BA58-4812-83AA-EC8171F42DF4}.Release|x86.ActiveCfg = Release|Any CPU
		{96E3D271-6627-4BAE-8DBC-5C7DF0C41DDD}.Debug|Any CPU.ActiveCfg = Debug|Any CPU
		{96E3D271-6627-4BAE-8DBC-5C7DF0C41DDD}.Debug|Any CPU.Build.0 = Debug|Any CPU
		{96E3D271-6627-4BAE-8DBC-5C7DF0C41DDD}.Debug|Mixed Platforms.ActiveCfg = Debug|Any CPU
		{96E3D271-6627-4BAE-8DBC-5C7DF0C41DDD}.Debug|Mixed Platforms.Build.0 = Debug|Any CPU
		{96E3D271-6627-4BAE-8DBC-5C7DF0C41DDD}.Debug|x86.ActiveCfg = Debug|Any CPU
		{96E3D271-6627-4BAE-8DBC-5C7DF0C41DDD}.Release|Any CPU.ActiveCfg = Release|Any CPU
		{96E3D271-6627-4BAE-8DBC-5C7DF0C41DDD}.Release|Any CPU.Build.0 = Release|Any CPU
		{96E3D271-6627-4BAE-8DBC-5C7DF0C41DDD}.Release|Mixed Platforms.ActiveCfg = Release|Any CPU
		{96E3D271-6627-4BAE-8DBC-5C7DF0C41DDD}.Release|Mixed Platforms.Build.0 = Release|Any CPU
		{96E3D271-6627-4BAE-8DBC-5C7DF0C41DDD}.Release|x86.ActiveCfg = Release|Any CPU
		{FC79A378-B744-4343-ADE6-2A7BA47BD3D0}.Debug|Any CPU.ActiveCfg = Debug|Any CPU
		{FC79A378-B744-4343-ADE6-2A7BA47BD3D0}.Debug|Any CPU.Build.0 = Debug|Any CPU
		{FC79A378-B744-4343-ADE6-2A7BA47BD3D0}.Debug|Mixed Platforms.ActiveCfg = Debug|Any CPU
		{FC79A378-B744-4343-ADE6-2A7BA47BD3D0}.Debug|Mixed Platforms.Build.0 = Debug|Any CPU
		{FC79A378-B744-4343-ADE6-2A7BA47BD3D0}.Debug|x86.ActiveCfg = Debug|Any CPU
		{FC79A378-B744-4343-ADE6-2A7BA47BD3D0}.Debug|x86.Build.0 = Debug|Any CPU
		{FC79A378-B744-4343-ADE6-2A7BA47BD3D0}.Release|Any CPU.ActiveCfg = Release|Any CPU
		{FC79A378-B744-4343-ADE6-2A7BA47BD3D0}.Release|Any CPU.Build.0 = Release|Any CPU
		{FC79A378-B744-4343-ADE6-2A7BA47BD3D0}.Release|Mixed Platforms.ActiveCfg = Release|Any CPU
		{FC79A378-B744-4343-ADE6-2A7BA47BD3D0}.Release|Mixed Platforms.Build.0 = Release|Any CPU
		{FC79A378-B744-4343-ADE6-2A7BA47BD3D0}.Release|x86.ActiveCfg = Release|Any CPU
		{FC79A378-B744-4343-ADE6-2A7BA47BD3D0}.Release|x86.Build.0 = Release|Any CPU
	EndGlobalSection
	GlobalSection(SolutionProperties) = preSolution
		HideSolutionNode = FALSE
	EndGlobalSection
EndGlobal
